
Microsoft Visual Studio Solution File, Format Version 12.00
# Visual Studio 15
Project("{FAE04EC0-301F-11D3-BF4B-00C04F79EFBC}") = "Assembly-CSharp", "Assembly-CSharp.csproj", "{67895049-4461-6F0F-4627-3B0C6278712F}"
EndProject
Global
	GlobalSection(SolutionConfigurationPlatforms) = preSolution
		Debug|Any CPU = Debug|Any CPU
		Release|Any CPU = Release|Any CPU
	EndGlobalSection
	GlobalSection(ProjectConfigurationPlatforms) = postSolution
		{67895049-4461-6F0F-4627-3B0C6278712F}.Debug|Any CPU.ActiveCfg = Debug|Any CPU
		{67895049-4461-6F0F-4627-3B0C6278712F}.Debug|Any CPU.Build.0 = Debug|Any CPU
		{67895049-4461-6F0F-4627-3B0C6278712F}.Release|Any CPU.ActiveCfg = Release|Any CPU
		{67895049-4461-6F0F-4627-3B0C6278712F}.Release|Any CPU.Build.0 = Release|Any CPU
	EndGlobalSection
	GlobalSection(SolutionProperties) = preSolution
		HideSolutionNode = FALSE
	EndGlobalSection
EndGlobal
